// !$*UTF8*$!
{
	archiveVersion = 1;
	classes = {
	};
	objectVersion = 46;
	objects = {

/* Begin PBXBuildFile section */
		2A00E23A1D2DEAE000ACFF52 /* AppDelegate.swift in Sources */ = {isa = PBXBuildFile; fileRef = 2A00E2391D2DEAE000ACFF52 /* AppDelegate.swift */; };
		2A00E23C1D2DEAE000ACFF52 /* ViewController.swift in Sources */ = {isa = PBXBuildFile; fileRef = 2A00E23B1D2DEAE000ACFF52 /* ViewController.swift */; };
		2A00E23F1D2DEAE000ACFF52 /* Main.storyboard in Resources */ = {isa = PBXBuildFile; fileRef = 2A00E23D1D2DEAE000ACFF52 /* Main.storyboard */; };
		2A00E2411D2DEAE000ACFF52 /* Assets.xcassets in Resources */ = {isa = PBXBuildFile; fileRef = 2A00E2401D2DEAE000ACFF52 /* Assets.xcassets */; };
		2A00E2441D2DEAE000ACFF52 /* LaunchScreen.storyboard in Resources */ = {isa = PBXBuildFile; fileRef = 2A00E2421D2DEAE000ACFF52 /* LaunchScreen.storyboard */; };
		2A00E24C1D2DEB4400ACFF52 /* MyLabel.swift in Sources */ = {isa = PBXBuildFile; fileRef = 2A00E24B1D2DEB4400ACFF52 /* MyLabel.swift */; };
/* End PBXBuildFile section */

/* Begin PBXFileReference section */
		2A00E2361D2DEAE000ACFF52 /* CoreTextPractise.app */ = {isa = PBXFileReference; explicitFileType = wrapper.application; includeInIndex = 0; path = CoreTextPractise.app; sourceTree = BUILT_PRODUCTS_DIR; };
		2A00E2391D2DEAE000ACFF52 /* AppDelegate.swift */ = {isa = PBXFileReference; lastKnownFileType = sourcecode.swift; path = AppDelegate.swift; sourceTree = "<group>"; };
		2A00E23B1D2DEAE000ACFF52 /* ViewController.swift */ = {isa = PBXFileReference; lastKnownFileType = sourcecode.swift; path = ViewController.swift; sourceTree = "<group>"; };
		2A00E23E1D2DEAE000ACFF52 /* Base */ = {isa = PBXFileReference; lastKnownFileType = file.storyboard; name = Base; path = Base.lproj/Main.storyboard; sourceTree = "<group>"; };
		2A00E2401D2DEAE000ACFF52 /* Assets.xcassets */ = {isa = PBXFileReference; lastKnownFileType = folder.assetcatalog; path = Assets.xcassets; sourceTree = "<group>"; };
		2A00E2431D2DEAE000ACFF52 /* Base */ = {isa = PBXFileReference; lastKnownFileType = file.storyboard; name = Base; path = Base.lproj/LaunchScreen.storyboard; sourceTree = "<group>"; };
		2A00E2451D2DEAE000ACFF52 /* Info.plist */ = {isa = PBXFileReference; lastKnownFileType = text.plist.xml; path = Info.plist; sourceTree = "<group>"; };
		2A00E24B1D2DEB4400ACFF52 /* MyLabel.swift */ = {isa = PBXFileReference; fileEncoding = 4; lastKnownFileType = sourcecode.swift; path = MyLabel.swift; sourceTree = "<group>"; };
/* End PBXFileReference section */

/* Begin PBXFrameworksBuildPhase section */
		2A00E2331D2DEAE000ACFF52 /* Frameworks */ = {
			isa = PBXFrameworksBuildPhase;
			buildActionMask = 2147483647;
			files = (
			);
			runOnlyForDeploymentPostprocessing = 0;
		};
/* End PBXFrameworksBuildPhase section */

/* Begin PBXGroup section */
		2A00E22D1D2DEAE000ACFF52 = {
			isa = PBXGroup;
			children = (
				2A00E2381D2DEAE000ACFF52 /* CoreTextPractise */,
				2A00E2371D2DEAE000ACFF52 /* Products */,
			);
			sourceTree = "<group>";
		};
		2A00E2371D2DEAE000ACFF52 /* Products */ = {
			isa = PBXGroup;
			children = (
				2A00E2361D2DEAE000ACFF52 /* CoreTextPractise.app */,
			);
			name = Products;
			sourceTree = "<group>";
		};
		2A00E2381D2DEAE000ACFF52 /* CoreTextPractise */ = {
			isa = PBXGroup;
			children = (
				2A00E2391D2DEAE000ACFF52 /* AppDelegate.swift */,
				2A00E23B1D2DEAE000ACFF52 /* ViewController.swift */,
				2A00E23D1D2DEAE000ACFF52 /* Main.storyboard */,
				2A00E2401D2DEAE000ACFF52 /* Assets.xcassets */,
				2A00E2421D2DEAE000ACFF52 /* LaunchScreen.storyboard */,
				2A00E2451D2DEAE000ACFF52 /* Info.plist */,
				2A00E24B1D2DEB4400ACFF52 /* MyLabel.swift */,
			);
			path = CoreTextPractise;
			sourceTree = "<group>";
		};
/* End PBXGroup section */

/* Begin PBXNativeTarget section */
		2A00E2351D2DEAE000ACFF52 /* CoreTextPractise */ = {
			isa = PBXNativeTarget;
			buildConfigurationList = 2A00E2481D2DEAE000ACFF52 /* Build configuration list for PBXNativeTarget "CoreTextPractise" */;
			buildPhases = (
				2A00E2321D2DEAE000ACFF52 /* Sources */,
				2A00E2331D2DEAE000ACFF52 /* Frameworks */,
				2A00E2341D2DEAE000ACFF52 /* Resources */,
			);
			buildRules = (
			);
			dependencies = (
			);
			name = CoreTextPractise;
			productName = CoreTextPractise;
			productReference = 2A00E2361D2DEAE000ACFF52 /* CoreTextPractise.app */;
			productType = "com.apple.product-type.application";
		};
/* End PBXNativeTarget section */

/* Begin PBXProject section */
		2A00E22E1D2DEAE000ACFF52 /* Project object */ = {
			isa = PBXProject;
			attributes = {
				LastSwiftUpdateCheck = 0730;
				LastUpgradeCheck = 0730;
				ORGANIZATIONNAME = Vread;
				TargetAttributes = {
					2A00E2351D2DEAE000ACFF52 = {
						CreatedOnToolsVersion = 7.3.1;
					};
				};
			};
			buildConfigurationList = 2A00E2311D2DEAE000ACFF52 /* Build configuration list for PBXProject "CoreTextPractise" */;
			compatibilityVersion = "Xcode 3.2";
			developmentRegion = English;
			hasScannedForEncodings = 0;
			knownRegions = (
				en,
				Base,
			);
			mainGroup = 2A00E22D1D2DEAE000ACFF52;
			productRefGroup = 2A00E2371D2DEAE000ACFF52 /* Products */;
			projectDirPath = "";
			projectRoot = "";
			targets = (
				2A00E2351D2DEAE000ACFF52 /* CoreTextPractise */,
			);
		};
/* End PBXProject section */

/* Begin PBXResourcesBuildPhase section */
		2A00E2341D2DEAE000ACFF52 /* Resources */ = {
			isa = PBXResourcesBuildPhase;
			buildActionMask = 2147483647;
			files = (
				2A00E2441D2DEAE000ACFF52 /* LaunchScreen.storyboard in Resources */,
				2A00E2411D2DEAE000ACFF52 /* Assets.xcassets in Resources */,
				2A00E23F1D2DEAE000ACFF52 /* Main.storyboard in Resources */,
			);
			runOnlyForDeploymentPostprocessing = 0;
		};
/* End PBXResourcesBuildPhase section */

/* Begin PBXSourcesBuildPhase section */
		2A00E2321D2DEAE000ACFF52 /* Sources */ = {
			isa = PBXSourcesBuildPhase;
			buildActionMask = 2147483647;
			files = (
				2A00E23C1D2DEAE000ACFF52 /* ViewController.swift in Sources */,
				2A00E23A1D2DEAE000ACFF52 /* AppDelegate.swift in Sources */,
				2A00E24C1D2DEB4400ACFF52 /* MyLabel.swift in Sources */,
			);
			runOnlyForDeploymentPostprocessing = 0;
		};
/* End PBXSourcesBuildPhase section */

/* Begin PBXVariantGroup section */
		2A00E23D1D2DEAE000ACFF52 /* Main.storyboard */ = {
			isa = PBXVariantGroup;
			children = (
				2A00E23E1D2DEAE000ACFF52 /* Base */,
			);
			name = Main.storyboard;
			sourceTree = "<group>";
		};
		2A00E2421D2DEAE000ACFF52 /* LaunchScreen.storyboard */ = {
			isa = PBXVariantGroup;
			children = (
				2A00E2431D2DEAE000ACFF52 /* Base */,
			);
			name = LaunchScreen.storyboard;
			sourceTree = "<group>";
		};
/* End PBXVariantGroup section */

/* Begin XCBuildConfiguration section */
		2A00E2461D2DEAE000ACFF52 /* Debug */ = {
			isa = XCBuildConfiguration;
			buildSettings = {
				ALWAYS_SEARCH_USER_PATHS = NO;
				CLANG_ANALYZER_NONNULL = YES;
				CLANG_CXX_LANGUAGE_STANDARD = "gnu++0x";
				CLANG_CXX_LIBRARY = "libc++";
				CLANG_ENABLE_MODULES = YES;
				CLANG_ENABLE_OBJC_ARC = YES;
				CLANG_WARN_BOOL_CONVERSION = YES;
				CLANG_WARN_CONSTANT_CONVERSION = YES;
				CLANG_WARN_DIRECT_OBJC_ISA_USAGE = YES_ERROR;
				CLANG_WARN_EMPTY_BODY = YES;
				CLANG_WARN_ENUM_CONVERSION = YES;
				CLANG_WARN_INT_CONVERSION = YES;
				CLANG_WARN_OBJC_ROOT_CLASS = YES_ERROR;
				CLANG_WARN_UNREACHABLE_CODE = YES;
				CLANG_WARN__DUPLICATE_METHOD_MATCH = YES;
				"CODE_SIGN_IDENTITY[sdk=iphoneos*]" = "iPhone Developer";
				COPY_PHASE_STRIP = NO;
				DEBUG_INFORMATION_FORMAT = dwarf;
				ENABLE_STRICT_OBJC_MSGSEND = YES;
				ENABLE_TESTABILITY = YES;
				GCC_C_LANGUAGE_STANDARD = gnu99;
				GCC_DYNAMIC_NO_PIC = NO;
				GCC_NO_COMMON_BLOCKS = YES;
				GCC_OPTIMIZATION_LEVEL = 0;
				GCC_PREPROCESSOR_DEFINITIONS = (
					"DEBUG=1",
					"$(inherited)",
				);
				GCC_WARN_64_TO_32_BIT_CONVERSION = YES;
				GCC_WARN_ABOUT_RETURN_TYPE = YES_ERROR;
				GCC_WARN_UNDECLARED_SELECTOR = YES;
				GCC_WARN_UNINITIALIZED_AUTOS = YES_AGGRESSIVE;
				GCC_WARN_UNUSED_FUNCTION = YES;
				GCC_WARN_UNUSED_VARIABLE = YES;
				IPHONEOS_DEPLOYMENT_TARGET = 9.3;
				MTL_ENABLE_DEBUG_INFO = YES;
				ONLY_ACTIVE_ARCH = YES;
				SDKROOT = iphoneos;
				SWIFT_OPTIMIZATION_LEVEL = "-Onone";
			};
			name = Debug;
		};
		2A00E2471D2DEAE000ACFF52 /* Release */ = {
			isa = XCBuildConfiguration;
			buildSettings = {
				ALWAYS_SEARCH_USER_PATHS = NO;
				CLANG_ANALYZER_NONNULL = YES;
				CLANG_CXX_LANGUAGE_STANDARD = "gnu++0x";
				CLANG_CXX_LIBRARY = "libc++";
				CLANG_ENABLE_MODULES = YES;
				CLANG_ENABLE_OBJC_ARC = YES;
				CLANG_WARN_BOOL_CONVERSION = YES;
				CLANG_WARN_CONSTANT_CONVERSION = YES;
				CLANG_WARN_DIRECT_OBJC_ISA_USAGE = YES_ERROR;
				CLANG_WARN_EMPTY_BODY = YES;
				CLANG_WARN_ENUM_CONVERSION = YES;
				CLANG_WARN_INT_CONVERSION = YES;
				CLANG_WARN_OBJC_ROOT_CLASS = YES_ERROR;
				CLANG_WARN_UNREACHABLE_CODE = YES;
				CLANG_WARN__DUPLICATE_METHOD_MATCH = YES;
				"CODE_SIGN_IDENTITY[sdk=iphoneos*]" = "iPhone Developer";
				COPY_PHASE_STRIP = NO;
				DEBUG_INFORMATION_FORMAT = "dwarf-with-dsym";
				ENABLE_NS_ASSERTIONS = NO;
				ENABLE_STRICT_OBJC_MSGSEND = YES;
				GCC_C_LANGUAGE_STANDARD = gnu99;
				GCC_NO_COMMON_BLOCKS = YES;
				GCC_WARN_64_TO_32_BIT_CONVERSION = YES;
				GCC_WARN_ABOUT_RETURN_TYPE = YES_ERROR;
				GCC_WARN_UNDECLARED_SELECTOR = YES;
				GCC_WARN_UNINITIALIZED_AUTOS = YES_AGGRESSIVE;
				GCC_WARN_UNUSED_FUNCTION = YES;
				GCC_WARN_UNUSED_VARIABLE = YES;
				IPHONEOS_DEPLOYMENT_TARGET = 9.3;
				MTL_ENABLE_DEBUG_INFO = NO;
				SDKROOT = iphoneos;
				VALIDATE_PRODUCT = YES;
			};
			name = Release;
		};
		2A00E2491D2DEAE000ACFF52 /* Debug */ = {
			isa = XCBuildConfiguration;
			buildSettings = {
				ASSETCATALOG_COMPILER_APPICON_NAME = AppIcon;
				INFOPLIST_FILE = CoreTextPractise/Info.plist;
				LD_RUNPATH_SEARCH_PATHS = "$(inherited) @executable_path/Frameworks";
				PRODUCT_BUNDLE_IDENTIFIER = com.vread.CoreTextPractise;
				PRODUCT_NAME = "$(TARGET_NAME)";
			};
			name = Debug;
		};
		2A00E24A1D2DEAE000ACFF52 /* Release */ = {
			isa = XCBuildConfiguration;
			buildSettings = {
				ASSETCATALOG_COMPILER_APPICON_NAME = AppIcon;
				INFOPLIST_FILE = CoreTextPractise/Info.plist;
				LD_RUNPATH_SEARCH_PATHS = "$(inherited) @executable_path/Frameworks";
				PRODUCT_BUNDLE_IDENTIFIER = com.vread.CoreTextPractise;
				PRODUCT_NAME = "$(TARGET_NAME)";
			};
			name = Release;
		};
/* End XCBuildConfiguration section */

/* Begin XCConfigurationList section */
		2A00E2311D2DEAE000ACFF52 /* Build configuration list for PBXProject "CoreTextPractise" */ = {
			isa = XCConfigurationList;
			buildConfigurations = (
				2A00E2461D2DEAE000ACFF52 /* Debug */,
				2A00E2471D2DEAE000ACFF52 /* Release */,
			);
			defaultConfigurationIsVisible = 0;
			defaultConfigurationName = Release;
		};
		2A00E2481D2DEAE000ACFF52 /* Build configuration list for PBXNativeTarget "CoreTextPractise" */ = {
			isa = XCConfigurationList;
			buildConfigurations = (
				2A00E2491D2DEAE000ACFF52 /* Debug */,
				2A00E24A1D2DEAE000ACFF52 /* Release */,
			);
			defaultConfigurationIsVisible = 0;
		};
/* End XCConfigurationList section */
	};
	rootObject = 2A00E22E1D2DEAE000ACFF52 /* Project object */;
}
